// !$*UTF8*$!
{
	archiveVersion = 1;
	classes = {
	};
	objectVersion = 51;
	objects = {

/* Begin PBXBuildFile section */
		511E71BB0B6C312612146A0C /* Pods_Fastgi_v1_Fastgi_v1UITests.framework in Frameworks */ = {isa = PBXBuildFile; fileRef = 5C39EE83FE9A0C7A2AC51BA6 /* Pods_Fastgi_v1_Fastgi_v1UITests.framework */; };
		922C66252547A94700BA1DCB /* CodeView.swift in Sources */ = {isa = PBXBuildFile; fileRef = 922C66242547A94700BA1DCB /* CodeView.swift */; };
		9293181A2547759F00E56414 /* Fastgi_v1App.swift in Sources */ = {isa = PBXBuildFile; fileRef = 929318192547759F00E56414 /* Fastgi_v1App.swift */; };
		9293181C2547759F00E56414 /* ContentView.swift in Sources */ = {isa = PBXBuildFile; fileRef = 9293181B2547759F00E56414 /* ContentView.swift */; };
		9293181E254775A500E56414 /* Assets.xcassets in Resources */ = {isa = PBXBuildFile; fileRef = 9293181D254775A500E56414 /* Assets.xcassets */; };
		92931821254775A500E56414 /* Preview Assets.xcassets in Resources */ = {isa = PBXBuildFile; fileRef = 92931820254775A500E56414 /* Preview Assets.xcassets */; };
		9293182C254775A700E56414 /* Fastgi_v1Tests.swift in Sources */ = {isa = PBXBuildFile; fileRef = 9293182B254775A700E56414 /* Fastgi_v1Tests.swift */; };
		92931837254775A700E56414 /* Fastgi_v1UITests.swift in Sources */ = {isa = PBXBuildFile; fileRef = 92931836254775A700E56414 /* Fastgi_v1UITests.swift */; };
		929318482547795700E56414 /* HomeView1.swift in Sources */ = {isa = PBXBuildFile; fileRef = 929318472547795700E56414 /* HomeView1.swift */; };
		9293185A25477B6D00E56414 /* TabsView.swift in Sources */ = {isa = PBXBuildFile; fileRef = 9293185925477B6D00E56414 /* TabsView.swift */; };
		9293186B2547815100E56414 /* HomeView.swift in Sources */ = {isa = PBXBuildFile; fileRef = 9293186A2547815100E56414 /* HomeView.swift */; };
		92931873254781BA00E56414 /* HistoryView.swift in Sources */ = {isa = PBXBuildFile; fileRef = 92931872254781BA00E56414 /* HistoryView.swift */; };
		929318792547A0B300E56414 /* LoginView.swift in Sources */ = {isa = PBXBuildFile; fileRef = 929318782547A0B300E56414 /* LoginView.swift */; };
		D3DFC03013F51CC82551917A /* Pods_Fastgi_v1.framework in Frameworks */ = {isa = PBXBuildFile; fileRef = 38F29FED902852FB5CC7A6CA /* Pods_Fastgi_v1.framework */; };
		E89343B1799AEA0AAAFD4852 /* Pods_Fastgi_v1Tests.framework in Frameworks */ = {isa = PBXBuildFile; fileRef = 72589E7C8753E5FBA61630D2 /* Pods_Fastgi_v1Tests.framework */; };
/* End PBXBuildFile section */

/* Begin PBXContainerItemProxy section */
		92931828254775A700E56414 /* PBXContainerItemProxy */ = {
			isa = PBXContainerItemProxy;
			containerPortal = 9293180E2547759F00E56414 /* Project object */;
			proxyType = 1;
			remoteGlobalIDString = 929318152547759F00E56414;
			remoteInfo = Fastgi_v1;
		};
		92931833254775A700E56414 /* PBXContainerItemProxy */ = {
			isa = PBXContainerItemProxy;
			containerPortal = 9293180E2547759F00E56414 /* Project object */;
			proxyType = 1;
			remoteGlobalIDString = 929318152547759F00E56414;
			remoteInfo = Fastgi_v1;
		};
/* End PBXContainerItemProxy section */

/* Begin PBXFileReference section */
		1BA9940664B2D1F7DFD56459 /* Pods-Fastgi_v1-Fastgi_v1UITests.release.xcconfig */ = {isa = PBXFileReference; includeInIndex = 1; lastKnownFileType = text.xcconfig; name = "Pods-Fastgi_v1-Fastgi_v1UITests.release.xcconfig"; path = "Target Support Files/Pods-Fastgi_v1-Fastgi_v1UITests/Pods-Fastgi_v1-Fastgi_v1UITests.release.xcconfig"; sourceTree = "<group>"; };
		22F5867222BE728BF7FF339E /* Pods-Fastgi_v1Tests.debug.xcconfig */ = {isa = PBXFileReference; includeInIndex = 1; lastKnownFileType = text.xcconfig; name = "Pods-Fastgi_v1Tests.debug.xcconfig"; path = "Target Support Files/Pods-Fastgi_v1Tests/Pods-Fastgi_v1Tests.debug.xcconfig"; sourceTree = "<group>"; };
		38F29FED902852FB5CC7A6CA /* Pods_Fastgi_v1.framework */ = {isa = PBXFileReference; explicitFileType = wrapper.framework; includeInIndex = 0; path = Pods_Fastgi_v1.framework; sourceTree = BUILT_PRODUCTS_DIR; };
		59DA3524AA139DEDAB0E280E /* Pods-Fastgi_v1.release.xcconfig */ = {isa = PBXFileReference; includeInIndex = 1; lastKnownFileType = text.xcconfig; name = "Pods-Fastgi_v1.release.xcconfig"; path = "Target Support Files/Pods-Fastgi_v1/Pods-Fastgi_v1.release.xcconfig"; sourceTree = "<group>"; };
		5C39EE83FE9A0C7A2AC51BA6 /* Pods_Fastgi_v1_Fastgi_v1UITests.framework */ = {isa = PBXFileReference; explicitFileType = wrapper.framework; includeInIndex = 0; path = Pods_Fastgi_v1_Fastgi_v1UITests.framework; sourceTree = BUILT_PRODUCTS_DIR; };
		72589E7C8753E5FBA61630D2 /* Pods_Fastgi_v1Tests.framework */ = {isa = PBXFileReference; explicitFileType = wrapper.framework; includeInIndex = 0; path = Pods_Fastgi_v1Tests.framework; sourceTree = BUILT_PRODUCTS_DIR; };
		7D10723751C7E3692ECA36DD /* Pods-Fastgi_v1.debug.xcconfig */ = {isa = PBXFileReference; includeInIndex = 1; lastKnownFileType = text.xcconfig; name = "Pods-Fastgi_v1.debug.xcconfig"; path = "Target Support Files/Pods-Fastgi_v1/Pods-Fastgi_v1.debug.xcconfig"; sourceTree = "<group>"; };
		8E08134F23D4C9626D9D915D /* Pods-Fastgi_v1Tests.release.xcconfig */ = {isa = PBXFileReference; includeInIndex = 1; lastKnownFileType = text.xcconfig; name = "Pods-Fastgi_v1Tests.release.xcconfig"; path = "Target Support Files/Pods-Fastgi_v1Tests/Pods-Fastgi_v1Tests.release.xcconfig"; sourceTree = "<group>"; };
		922C66242547A94700BA1DCB /* CodeView.swift */ = {isa = PBXFileReference; lastKnownFileType = sourcecode.swift; path = CodeView.swift; sourceTree = "<group>"; };
		929318162547759F00E56414 /* Fastgi_v1.app */ = {isa = PBXFileReference; explicitFileType = wrapper.application; includeInIndex = 0; path = Fastgi_v1.app; sourceTree = BUILT_PRODUCTS_DIR; };
		929318192547759F00E56414 /* Fastgi_v1App.swift */ = {isa = PBXFileReference; lastKnownFileType = sourcecode.swift; path = Fastgi_v1App.swift; sourceTree = "<group>"; };
		9293181B2547759F00E56414 /* ContentView.swift */ = {isa = PBXFileReference; lastKnownFileType = sourcecode.swift; path = ContentView.swift; sourceTree = "<group>"; };
		9293181D254775A500E56414 /* Assets.xcassets */ = {isa = PBXFileReference; lastKnownFileType = folder.assetcatalog; path = Assets.xcassets; sourceTree = "<group>"; };
		92931820254775A500E56414 /* Preview Assets.xcassets */ = {isa = PBXFileReference; lastKnownFileType = folder.assetcatalog; path = "Preview Assets.xcassets"; sourceTree = "<group>"; };
		92931822254775A500E56414 /* Info.plist */ = {isa = PBXFileReference; lastKnownFileType = text.plist.xml; path = Info.plist; sourceTree = "<group>"; };
		92931827254775A700E56414 /* Fastgi_v1Tests.xctest */ = {isa = PBXFileReference; explicitFileType = wrapper.cfbundle; includeInIndex = 0; path = Fastgi_v1Tests.xctest; sourceTree = BUILT_PRODUCTS_DIR; };
		9293182B254775A700E56414 /* Fastgi_v1Tests.swift */ = {isa = PBXFileReference; lastKnownFileType = sourcecode.swift; path = Fastgi_v1Tests.swift; sourceTree = "<group>"; };
		9293182D254775A700E56414 /* Info.plist */ = {isa = PBXFileReference; lastKnownFileType = text.plist.xml; path = Info.plist; sourceTree = "<group>"; };
		92931832254775A700E56414 /* Fastgi_v1UITests.xctest */ = {isa = PBXFileReference; explicitFileType = wrapper.cfbundle; includeInIndex = 0; path = Fastgi_v1UITests.xctest; sourceTree = BUILT_PRODUCTS_DIR; };
		92931836254775A700E56414 /* Fastgi_v1UITests.swift */ = {isa = PBXFileReference; lastKnownFileType = sourcecode.swift; path = Fastgi_v1UITests.swift; sourceTree = "<group>"; };
		92931838254775A700E56414 /* Info.plist */ = {isa = PBXFileReference; lastKnownFileType = text.plist.xml; path = Info.plist; sourceTree = "<group>"; };
		929318472547795700E56414 /* HomeView1.swift */ = {isa = PBXFileReference; lastKnownFileType = sourcecode.swift; path = HomeView1.swift; sourceTree = "<group>"; };
		9293185925477B6D00E56414 /* TabsView.swift */ = {isa = PBXFileReference; lastKnownFileType = sourcecode.swift; path = TabsView.swift; sourceTree = "<group>"; };
		9293186A2547815100E56414 /* HomeView.swift */ = {isa = PBXFileReference; lastKnownFileType = sourcecode.swift; path = HomeView.swift; sourceTree = "<group>"; };
		92931872254781BA00E56414 /* HistoryView.swift */ = {isa = PBXFileReference; lastKnownFileType = sourcecode.swift; path = HistoryView.swift; sourceTree = "<group>"; };
		929318782547A0B300E56414 /* LoginView.swift */ = {isa = PBXFileReference; lastKnownFileType = sourcecode.swift; path = LoginView.swift; sourceTree = "<group>"; };
		B2C8E5DAA5B5E7485A78BCA6 /* Pods-Fastgi_v1-Fastgi_v1UITests.debug.xcconfig */ = {isa = PBXFileReference; includeInIndex = 1; lastKnownFileType = text.xcconfig; name = "Pods-Fastgi_v1-Fastgi_v1UITests.debug.xcconfig"; path = "Target Support Files/Pods-Fastgi_v1-Fastgi_v1UITests/Pods-Fastgi_v1-Fastgi_v1UITests.debug.xcconfig"; sourceTree = "<group>"; };
/* End PBXFileReference section */

/* Begin PBXFrameworksBuildPhase section */
		929318132547759F00E56414 /* Frameworks */ = {
			isa = PBXFrameworksBuildPhase;
			buildActionMask = 2147483647;
			files = (
				D3DFC03013F51CC82551917A /* Pods_Fastgi_v1.framework in Frameworks */,
			);
			runOnlyForDeploymentPostprocessing = 0;
		};
		92931824254775A700E56414 /* Frameworks */ = {
			isa = PBXFrameworksBuildPhase;
			buildActionMask = 2147483647;
			files = (
				E89343B1799AEA0AAAFD4852 /* Pods_Fastgi_v1Tests.framework in Frameworks */,
			);
			runOnlyForDeploymentPostprocessing = 0;
		};
		9293182F254775A700E56414 /* Frameworks */ = {
			isa = PBXFrameworksBuildPhase;
			buildActionMask = 2147483647;
			files = (
				511E71BB0B6C312612146A0C /* Pods_Fastgi_v1_Fastgi_v1UITests.framework in Frameworks */,
			);
			runOnlyForDeploymentPostprocessing = 0;
		};
/* End PBXFrameworksBuildPhase section */

/* Begin PBXGroup section */
		4ECD851F5684770E5872B752 /* Frameworks */ = {
			isa = PBXGroup;
			children = (
				38F29FED902852FB5CC7A6CA /* Pods_Fastgi_v1.framework */,
				5C39EE83FE9A0C7A2AC51BA6 /* Pods_Fastgi_v1_Fastgi_v1UITests.framework */,
				72589E7C8753E5FBA61630D2 /* Pods_Fastgi_v1Tests.framework */,
			);
			name = Frameworks;
			sourceTree = "<group>";
		};
		922C66292547AF9E00BA1DCB /* Model */ = {
			isa = PBXGroup;
			children = (
			);
			path = Model;
			sourceTree = "<group>";
		};
		922C662A2547AFBD00BA1DCB /* ModelView */ = {
			isa = PBXGroup;
			children = (
			);
			path = ModelView;
			sourceTree = "<group>";
		};
		922C662B2547AFCA00BA1DCB /* View */ = {
			isa = PBXGroup;
			children = (
				92931872254781BA00E56414 /* HistoryView.swift */,
				929318472547795700E56414 /* HomeView1.swift */,
				9293186A2547815100E56414 /* HomeView.swift */,
				929318772547A0A200E56414 /* Login */,
			);
			path = View;
			sourceTree = "<group>";
		};
		922C662C2547AFEF00BA1DCB /* Tabs */ = {
			isa = PBXGroup;
			children = (
				9293185925477B6D00E56414 /* TabsView.swift */,
			);
			path = Tabs;
			sourceTree = "<group>";
		};
		9293180D2547759F00E56414 = {
			isa = PBXGroup;
			children = (
				929318182547759F00E56414 /* Fastgi_v1 */,
				9293182A254775A700E56414 /* Fastgi_v1Tests */,
				92931835254775A700E56414 /* Fastgi_v1UITests */,
				929318172547759F00E56414 /* Products */,
				A21660F989C9CBFFC81054EA /* Pods */,
				4ECD851F5684770E5872B752 /* Frameworks */,
			);
			sourceTree = "<group>";
		};
		929318172547759F00E56414 /* Products */ = {
			isa = PBXGroup;
			children = (
				929318162547759F00E56414 /* Fastgi_v1.app */,
				92931827254775A700E56414 /* Fastgi_v1Tests.xctest */,
				92931832254775A700E56414 /* Fastgi_v1UITests.xctest */,
			);
			name = Products;
			sourceTree = "<group>";
		};
		929318182547759F00E56414 /* Fastgi_v1 */ = {
			isa = PBXGroup;
			children = (
				922C662C2547AFEF00BA1DCB /* Tabs */,
				922C662A2547AFBD00BA1DCB /* ModelView */,
				922C662B2547AFCA00BA1DCB /* View */,
				922C66292547AF9E00BA1DCB /* Model */,
				929318192547759F00E56414 /* Fastgi_v1App.swift */,
				9293181B2547759F00E56414 /* ContentView.swift */,
				9293181D254775A500E56414 /* Assets.xcassets */,
				92931822254775A500E56414 /* Info.plist */,
				9293181F254775A500E56414 /* Preview Content */,
			);
			path = Fastgi_v1;
			sourceTree = "<group>";
		};
		9293181F254775A500E56414 /* Preview Content */ = {
			isa = PBXGroup;
			children = (
				92931820254775A500E56414 /* Preview Assets.xcassets */,
			);
			path = "Preview Content";
			sourceTree = "<group>";
		};
		9293182A254775A700E56414 /* Fastgi_v1Tests */ = {
			isa = PBXGroup;
			children = (
				9293182B254775A700E56414 /* Fastgi_v1Tests.swift */,
				9293182D254775A700E56414 /* Info.plist */,
			);
			path = Fastgi_v1Tests;
			sourceTree = "<group>";
		};
		92931835254775A700E56414 /* Fastgi_v1UITests */ = {
			isa = PBXGroup;
			children = (
				92931836254775A700E56414 /* Fastgi_v1UITests.swift */,
				92931838254775A700E56414 /* Info.plist */,
			);
			path = Fastgi_v1UITests;
			sourceTree = "<group>";
		};
		929318772547A0A200E56414 /* Login */ = {
			isa = PBXGroup;
			children = (
				929318782547A0B300E56414 /* LoginView.swift */,
				922C66242547A94700BA1DCB /* CodeView.swift */,
			);
			path = Login;
			sourceTree = "<group>";
		};
		A21660F989C9CBFFC81054EA /* Pods */ = {
			isa = PBXGroup;
			children = (
				7D10723751C7E3692ECA36DD /* Pods-Fastgi_v1.debug.xcconfig */,
				59DA3524AA139DEDAB0E280E /* Pods-Fastgi_v1.release.xcconfig */,
				B2C8E5DAA5B5E7485A78BCA6 /* Pods-Fastgi_v1-Fastgi_v1UITests.debug.xcconfig */,
				1BA9940664B2D1F7DFD56459 /* Pods-Fastgi_v1-Fastgi_v1UITests.release.xcconfig */,
				22F5867222BE728BF7FF339E /* Pods-Fastgi_v1Tests.debug.xcconfig */,
				8E08134F23D4C9626D9D915D /* Pods-Fastgi_v1Tests.release.xcconfig */,
			);
			path = Pods;
			sourceTree = "<group>";
		};
/* End PBXGroup section */

/* Begin PBXNativeTarget section */
		929318152547759F00E56414 /* Fastgi_v1 */ = {
			isa = PBXNativeTarget;
			buildConfigurationList = 9293183B254775A700E56414 /* Build configuration list for PBXNativeTarget "Fastgi_v1" */;
			buildPhases = (
				5FFA8729ABD5E7CB5E0D4EB0 /* [CP] Check Pods Manifest.lock */,
				929318122547759F00E56414 /* Sources */,
				929318132547759F00E56414 /* Frameworks */,
				929318142547759F00E56414 /* Resources */,
				0D3251FFEC9CF783F9422F10 /* [CP] Embed Pods Frameworks */,
			);
			buildRules = (
			);
			dependencies = (
			);
			name = Fastgi_v1;
			productName = Fastgi_v1;
			productReference = 929318162547759F00E56414 /* Fastgi_v1.app */;
			productType = "com.apple.product-type.application";
		};
		92931826254775A700E56414 /* Fastgi_v1Tests */ = {
			isa = PBXNativeTarget;
			buildConfigurationList = 9293183E254775A700E56414 /* Build configuration list for PBXNativeTarget "Fastgi_v1Tests" */;
			buildPhases = (
				A1C8360AAA7DF9B149400B5F /* [CP] Check Pods Manifest.lock */,
				92931823254775A700E56414 /* Sources */,
				92931824254775A700E56414 /* Frameworks */,
				92931825254775A700E56414 /* Resources */,
			);
			buildRules = (
			);
			dependencies = (
				92931829254775A700E56414 /* PBXTargetDependency */,
			);
			name = Fastgi_v1Tests;
			productName = Fastgi_v1Tests;
			productReference = 92931827254775A700E56414 /* Fastgi_v1Tests.xctest */;
			productType = "com.apple.product-type.bundle.unit-test";
		};
		92931831254775A700E56414 /* Fastgi_v1UITests */ = {
			isa = PBXNativeTarget;
			buildConfigurationList = 92931841254775A700E56414 /* Build configuration list for PBXNativeTarget "Fastgi_v1UITests" */;
			buildPhases = (
				43A0CC3BB963262B07290CE6 /* [CP] Check Pods Manifest.lock */,
				9293182E254775A700E56414 /* Sources */,
				9293182F254775A700E56414 /* Frameworks */,
				92931830254775A700E56414 /* Resources */,
				96C31D46ECC8ECE87BB04400 /* [CP] Embed Pods Frameworks */,
			);
			buildRules = (
			);
			dependencies = (
				92931834254775A700E56414 /* PBXTargetDependency */,
			);
			name = Fastgi_v1UITests;
			productName = Fastgi_v1UITests;
			productReference = 92931832254775A700E56414 /* Fastgi_v1UITests.xctest */;
			productType = "com.apple.product-type.bundle.ui-testing";
		};
/* End PBXNativeTarget section */

/* Begin PBXProject section */
		9293180E2547759F00E56414 /* Project object */ = {
			isa = PBXProject;
			attributes = {
				LastSwiftUpdateCheck = 1200;
				LastUpgradeCheck = 1200;
				TargetAttributes = {
					929318152547759F00E56414 = {
						CreatedOnToolsVersion = 12.0;
					};
					92931826254775A700E56414 = {
						CreatedOnToolsVersion = 12.0;
						TestTargetID = 929318152547759F00E56414;
					};
					92931831254775A700E56414 = {
						CreatedOnToolsVersion = 12.0;
						TestTargetID = 929318152547759F00E56414;
					};
				};
			};
			buildConfigurationList = 929318112547759F00E56414 /* Build configuration list for PBXProject "Fastgi_v1" */;
			compatibilityVersion = "Xcode 9.3";
			developmentRegion = en;
			hasScannedForEncodings = 0;
			knownRegions = (
				en,
				Base,
			);
			mainGroup = 9293180D2547759F00E56414;
			productRefGroup = 929318172547759F00E56414 /* Products */;
			projectDirPath = "";
			projectRoot = "";
			targets = (
				929318152547759F00E56414 /* Fastgi_v1 */,
				92931826254775A700E56414 /* Fastgi_v1Tests */,
				92931831254775A700E56414 /* Fastgi_v1UITests */,
			);
		};
/* End PBXProject section */

/* Begin PBXResourcesBuildPhase section */
		929318142547759F00E56414 /* Resources */ = {
			isa = PBXResourcesBuildPhase;
			buildActionMask = 2147483647;
			files = (
				92931821254775A500E56414 /* Preview Assets.xcassets in Resources */,
				9293181E254775A500E56414 /* Assets.xcassets in Resources */,
			);
			runOnlyForDeploymentPostprocessing = 0;
		};
		92931825254775A700E56414 /* Resources */ = {
			isa = PBXResourcesBuildPhase;
			buildActionMask = 2147483647;
			files = (
			);
			runOnlyForDeploymentPostprocessing = 0;
		};
		92931830254775A700E56414 /* Resources */ = {
			isa = PBXResourcesBuildPhase;
			buildActionMask = 2147483647;
			files = (
			);
			runOnlyForDeploymentPostprocessing = 0;
		};
/* End PBXResourcesBuildPhase section */

/* Begin PBXShellScriptBuildPhase section */
		0D3251FFEC9CF783F9422F10 /* [CP] Embed Pods Frameworks */ = {
			isa = PBXShellScriptBuildPhase;
			buildActionMask = 2147483647;
			files = (
			);
			inputFileListPaths = (
				"${PODS_ROOT}/Target Support Files/Pods-Fastgi_v1/Pods-Fastgi_v1-frameworks-${CONFIGURATION}-input-files.xcfilelist",
			);
			name = "[CP] Embed Pods Frameworks";
			outputFileListPaths = (
				"${PODS_ROOT}/Target Support Files/Pods-Fastgi_v1/Pods-Fastgi_v1-frameworks-${CONFIGURATION}-output-files.xcfilelist",
			);
			runOnlyForDeploymentPostprocessing = 0;
			shellPath = /bin/sh;
			shellScript = "\"${PODS_ROOT}/Target Support Files/Pods-Fastgi_v1/Pods-Fastgi_v1-frameworks.sh\"\n";
			showEnvVarsInLog = 0;
		};
		43A0CC3BB963262B07290CE6 /* [CP] Check Pods Manifest.lock */ = {
			isa = PBXShellScriptBuildPhase;
			buildActionMask = 2147483647;
			files = (
			);
			inputFileListPaths = (
			);
			inputPaths = (
				"${PODS_PODFILE_DIR_PATH}/Podfile.lock",
				"${PODS_ROOT}/Manifest.lock",
			);
			name = "[CP] Check Pods Manifest.lock";
			outputFileListPaths = (
			);
			outputPaths = (
				"$(DERIVED_FILE_DIR)/Pods-Fastgi_v1-Fastgi_v1UITests-checkManifestLockResult.txt",
			);
			runOnlyForDeploymentPostprocessing = 0;
			shellPath = /bin/sh;
			shellScript = "diff \"${PODS_PODFILE_DIR_PATH}/Podfile.lock\" \"${PODS_ROOT}/Manifest.lock\" > /dev/null\nif [ $? != 0 ] ; then\n    # print error to STDERR\n    echo \"error: The sandbox is not in sync with the Podfile.lock. Run 'pod install' or update your CocoaPods installation.\" >&2\n    exit 1\nfi\n# This output is used by Xcode 'outputs' to avoid re-running this script phase.\necho \"SUCCESS\" > \"${SCRIPT_OUTPUT_FILE_0}\"\n";
			showEnvVarsInLog = 0;
		};
		5FFA8729ABD5E7CB5E0D4EB0 /* [CP] Check Pods Manifest.lock */ = {
			isa = PBXShellScriptBuildPhase;
			buildActionMask = 2147483647;
			files = (
			);
			inputFileListPaths = (
			);
			inputPaths = (
				"${PODS_PODFILE_DIR_PATH}/Podfile.lock",
				"${PODS_ROOT}/Manifest.lock",
			);
			name = "[CP] Check Pods Manifest.lock";
			outputFileListPaths = (
			);
			outputPaths = (
				"$(DERIVED_FILE_DIR)/Pods-Fastgi_v1-checkManifestLockResult.txt",
			);
			runOnlyForDeploymentPostprocessing = 0;
			shellPath = /bin/sh;
			shellScript = "diff \"${PODS_PODFILE_DIR_PATH}/Podfile.lock\" \"${PODS_ROOT}/Manifest.lock\" > /dev/null\nif [ $? != 0 ] ; then\n    # print error to STDERR\n    echo \"error: The sandbox is not in sync with the Podfile.lock. Run 'pod install' or update your CocoaPods installation.\" >&2\n    exit 1\nfi\n# This output is used by Xcode 'outputs' to avoid re-running this script phase.\necho \"SUCCESS\" > \"${SCRIPT_OUTPUT_FILE_0}\"\n";
			showEnvVarsInLog = 0;
		};
		96C31D46ECC8ECE87BB04400 /* [CP] Embed Pods Frameworks */ = {
			isa = PBXShellScriptBuildPhase;
			buildActionMask = 2147483647;
			files = (
			);
			inputFileListPaths = (
				"${PODS_ROOT}/Target Support Files/Pods-Fastgi_v1-Fastgi_v1UITests/Pods-Fastgi_v1-Fastgi_v1UITests-frameworks-${CONFIGURATION}-input-files.xcfilelist",
			);
			name = "[CP] Embed Pods Frameworks";
			outputFileListPaths = (
				"${PODS_ROOT}/Target Support Files/Pods-Fastgi_v1-Fastgi_v1UITests/Pods-Fastgi_v1-Fastgi_v1UITests-frameworks-${CONFIGURATION}-output-files.xcfilelist",
			);
			runOnlyForDeploymentPostprocessing = 0;
			shellPath = /bin/sh;
			shellScript = "\"${PODS_ROOT}/Target Support Files/Pods-Fastgi_v1-Fastgi_v1UITests/Pods-Fastgi_v1-Fastgi_v1UITests-frameworks.sh\"\n";
			showEnvVarsInLog = 0;
		};
		A1C8360AAA7DF9B149400B5F /* [CP] Check Pods Manifest.lock */ = {
			isa = PBXShellScriptBuildPhase;
			buildActionMask = 2147483647;
			files = (
			);
			inputFileListPaths = (
			);
			inputPaths = (
				"${PODS_PODFILE_DIR_PATH}/Podfile.lock",
				"${PODS_ROOT}/Manifest.lock",
			);
			name = "[CP] Check Pods Manifest.lock";
			outputFileListPaths = (
			);
			outputPaths = (
				"$(DERIVED_FILE_DIR)/Pods-Fastgi_v1Tests-checkManifestLockResult.txt",
			);
			runOnlyForDeploymentPostprocessing = 0;
			shellPath = /bin/sh;
			shellScript = "diff \"${PODS_PODFILE_DIR_PATH}/Podfile.lock\" \"${PODS_ROOT}/Manifest.lock\" > /dev/null\nif [ $? != 0 ] ; then\n    # print error to STDERR\n    echo \"error: The sandbox is not in sync with the Podfile.lock. Run 'pod install' or update your CocoaPods installation.\" >&2\n    exit 1\nfi\n# This output is used by Xcode 'outputs' to avoid re-running this script phase.\necho \"SUCCESS\" > \"${SCRIPT_OUTPUT_FILE_0}\"\n";
			showEnvVarsInLog = 0;
		};
/* End PBXShellScriptBuildPhase section */

/* Begin PBXSourcesBuildPhase section */
		929318122547759F00E56414 /* Sources */ = {
			isa = PBXSourcesBuildPhase;
			buildActionMask = 2147483647;
			files = (
				929318482547795700E56414 /* HomeView1.swift in Sources */,
				929318792547A0B300E56414 /* LoginView.swift in Sources */,
				92931873254781BA00E56414 /* HistoryView.swift in Sources */,
				9293181C2547759F00E56414 /* ContentView.swift in Sources */,
				9293185A25477B6D00E56414 /* TabsView.swift in Sources */,
				9293186B2547815100E56414 /* HomeView.swift in Sources */,
				9293181A2547759F00E56414 /* Fastgi_v1App.swift in Sources */,
				922C66252547A94700BA1DCB /* CodeView.swift in Sources */,
			);
			runOnlyForDeploymentPostprocessing = 0;
		};
		92931823254775A700E56414 /* Sources */ = {
			isa = PBXSourcesBuildPhase;
			buildActionMask = 2147483647;
			files = (
				9293182C254775A700E56414 /* Fastgi_v1Tests.swift in Sources */,
			);
			runOnlyForDeploymentPostprocessing = 0;
		};
		9293182E254775A700E56414 /* Sources */ = {
			isa = PBXSourcesBuildPhase;
			buildActionMask = 2147483647;
			files = (
				92931837254775A700E56414 /* Fastgi_v1UITests.swift in Sources */,
			);
			runOnlyForDeploymentPostprocessing = 0;
		};
/* End PBXSourcesBuildPhase section */

/* Begin PBXTargetDependency section */
		92931829254775A700E56414 /* PBXTargetDependency */ = {
			isa = PBXTargetDependency;
			target = 929318152547759F00E56414 /* Fastgi_v1 */;
			targetProxy = 92931828254775A700E56414 /* PBXContainerItemProxy */;
		};
		92931834254775A700E56414 /* PBXTargetDependency */ = {
			isa = PBXTargetDependency;
			target = 929318152547759F00E56414 /* Fastgi_v1 */;
			targetProxy = 92931833254775A700E56414 /* PBXContainerItemProxy */;
		};
/* End PBXTargetDependency section */

/* Begin XCBuildConfiguration section */
		92931839254775A700E56414 /* Debug */ = {
			isa = XCBuildConfiguration;
			buildSettings = {
				ALWAYS_SEARCH_USER_PATHS = NO;
				CLANG_ANALYZER_NONNULL = YES;
				CLANG_ANALYZER_NUMBER_OBJECT_CONVERSION = YES_AGGRESSIVE;
				CLANG_CXX_LANGUAGE_STANDARD = "gnu++14";
				CLANG_CXX_LIBRARY = "libc++";
				CLANG_ENABLE_MODULES = YES;
				CLANG_ENABLE_OBJC_ARC = YES;
				CLANG_ENABLE_OBJC_WEAK = YES;
				CLANG_WARN_BLOCK_CAPTURE_AUTORELEASING = YES;
				CLANG_WARN_BOOL_CONVERSION = YES;
				CLANG_WARN_COMMA = YES;
				CLANG_WARN_CONSTANT_CONVERSION = YES;
				CLANG_WARN_DEPRECATED_OBJC_IMPLEMENTATIONS = YES;
				CLANG_WARN_DIRECT_OBJC_ISA_USAGE = YES_ERROR;
				CLANG_WARN_DOCUMENTATION_COMMENTS = YES;
				CLANG_WARN_EMPTY_BODY = YES;
				CLANG_WARN_ENUM_CONVERSION = YES;
				CLANG_WARN_INFINITE_RECURSION = YES;
				CLANG_WARN_INT_CONVERSION = YES;
				CLANG_WARN_NON_LITERAL_NULL_CONVERSION = YES;
				CLANG_WARN_OBJC_IMPLICIT_RETAIN_SELF = YES;
				CLANG_WARN_OBJC_LITERAL_CONVERSION = YES;
				CLANG_WARN_OBJC_ROOT_CLASS = YES_ERROR;
				CLANG_WARN_QUOTED_INCLUDE_IN_FRAMEWORK_HEADER = YES;
				CLANG_WARN_RANGE_LOOP_ANALYSIS = YES;
				CLANG_WARN_STRICT_PROTOTYPES = YES;
				CLANG_WARN_SUSPICIOUS_MOVE = YES;
				CLANG_WARN_UNGUARDED_AVAILABILITY = YES_AGGRESSIVE;
				CLANG_WARN_UNREACHABLE_CODE = YES;
				CLANG_WARN__DUPLICATE_METHOD_MATCH = YES;
				COPY_PHASE_STRIP = NO;
				DEBUG_INFORMATION_FORMAT = dwarf;
				ENABLE_STRICT_OBJC_MSGSEND = YES;
				ENABLE_TESTABILITY = YES;
				GCC_C_LANGUAGE_STANDARD = gnu11;
				GCC_DYNAMIC_NO_PIC = NO;
				GCC_NO_COMMON_BLOCKS = YES;
				GCC_OPTIMIZATION_LEVEL = 0;
				GCC_PREPROCESSOR_DEFINITIONS = (
					"DEBUG=1",
					"$(inherited)",
				);
				GCC_WARN_64_TO_32_BIT_CONVERSION = YES;
				GCC_WARN_ABOUT_RETURN_TYPE = YES_ERROR;
				GCC_WARN_UNDECLARED_SELECTOR = YES;
				GCC_WARN_UNINITIALIZED_AUTOS = YES_AGGRESSIVE;
				GCC_WARN_UNUSED_FUNCTION = YES;
				GCC_WARN_UNUSED_VARIABLE = YES;
				IPHONEOS_DEPLOYMENT_TARGET = 14.0;
				MTL_ENABLE_DEBUG_INFO = INCLUDE_SOURCE;
				MTL_FAST_MATH = YES;
				ONLY_ACTIVE_ARCH = YES;
				SDKROOT = iphoneos;
				SWIFT_ACTIVE_COMPILATION_CONDITIONS = DEBUG;
				SWIFT_OPTIMIZATION_LEVEL = "-Onone";
			};
			name = Debug;
		};
		9293183A254775A700E56414 /* Release */ = {
			isa = XCBuildConfiguration;
			buildSettings = {
				ALWAYS_SEARCH_USER_PATHS = NO;
				CLANG_ANALYZER_NONNULL = YES;
				CLANG_ANALYZER_NUMBER_OBJECT_CONVERSION = YES_AGGRESSIVE;
				CLANG_CXX_LANGUAGE_STANDARD = "gnu++14";
				CLANG_CXX_LIBRARY = "libc++";
				CLANG_ENABLE_MODULES = YES;
				CLANG_ENABLE_OBJC_ARC = YES;
				CLANG_ENABLE_OBJC_WEAK = YES;
				CLANG_WARN_BLOCK_CAPTURE_AUTORELEASING = YES;
				CLANG_WARN_BOOL_CONVERSION = YES;
				CLANG_WARN_COMMA = YES;
				CLANG_WARN_CONSTANT_CONVERSION = YES;
				CLANG_WARN_DEPRECATED_OBJC_IMPLEMENTATIONS = YES;
				CLANG_WARN_DIRECT_OBJC_ISA_USAGE = YES_ERROR;
				CLANG_WARN_DOCUMENTATION_COMMENTS = YES;
				CLANG_WARN_EMPTY_BODY = YES;
				CLANG_WARN_ENUM_CONVERSION = YES;
				CLANG_WARN_INFINITE_RECURSION = YES;
				CLANG_WARN_INT_CONVERSION = YES;
				CLANG_WARN_NON_LITERAL_NULL_CONVERSION = YES;
				CLANG_WARN_OBJC_IMPLICIT_RETAIN_SELF = YES;
				CLANG_WARN_OBJC_LITERAL_CONVERSION = YES;
				CLANG_WARN_OBJC_ROOT_CLASS = YES_ERROR;
				CLANG_WARN_QUOTED_INCLUDE_IN_FRAMEWORK_HEADER = YES;
				CLANG_WARN_RANGE_LOOP_ANALYSIS = YES;
				CLANG_WARN_STRICT_PROTOTYPES = YES;
				CLANG_WARN_SUSPICIOUS_MOVE = YES;
				CLANG_WARN_UNGUARDED_AVAILABILITY = YES_AGGRESSIVE;
				CLANG_WARN_UNREACHABLE_CODE = YES;
				CLANG_WARN__DUPLICATE_METHOD_MATCH = YES;
				COPY_PHASE_STRIP = NO;
				DEBUG_INFORMATION_FORMAT = "dwarf-with-dsym";
				ENABLE_NS_ASSERTIONS = NO;
				ENABLE_STRICT_OBJC_MSGSEND = YES;
				GCC_C_LANGUAGE_STANDARD = gnu11;
				GCC_NO_COMMON_BLOCKS = YES;
				GCC_WARN_64_TO_32_BIT_CONVERSION = YES;
				GCC_WARN_ABOUT_RETURN_TYPE = YES_ERROR;
				GCC_WARN_UNDECLARED_SELECTOR = YES;
				GCC_WARN_UNINITIALIZED_AUTOS = YES_AGGRESSIVE;
				GCC_WARN_UNUSED_FUNCTION = YES;
				GCC_WARN_UNUSED_VARIABLE = YES;
				IPHONEOS_DEPLOYMENT_TARGET = 14.0;
				MTL_ENABLE_DEBUG_INFO = NO;
				MTL_FAST_MATH = YES;
				SDKROOT = iphoneos;
				SWIFT_COMPILATION_MODE = wholemodule;
				SWIFT_OPTIMIZATION_LEVEL = "-O";
				VALIDATE_PRODUCT = YES;
			};
			name = Release;
		};
		9293183C254775A700E56414 /* Debug */ = {
			isa = XCBuildConfiguration;
			baseConfigurationReference = 7D10723751C7E3692ECA36DD /* Pods-Fastgi_v1.debug.xcconfig */;
			buildSettings = {
				ASSETCATALOG_COMPILER_APPICON_NAME = AppIcon;
				ASSETCATALOG_COMPILER_GLOBAL_ACCENT_COLOR_NAME = AccentColor;
				CODE_SIGN_STYLE = Automatic;
				DEVELOPMENT_ASSET_PATHS = "\"Fastgi_v1/Preview Content\"";
				DEVELOPMENT_TEAM = 8434L4CAU2;
				ENABLE_PREVIEWS = YES;
				INFOPLIST_FILE = Fastgi_v1/Info.plist;
				IPHONEOS_DEPLOYMENT_TARGET = 14.0;
				LD_RUNPATH_SEARCH_PATHS = (
					"$(inherited)",
					"@executable_path/Frameworks",
				);
				PRODUCT_BUNDLE_IDENTIFIER = "com.hegaro.fastgi.Fastgi-v1";
				PRODUCT_NAME = "$(TARGET_NAME)";
				SWIFT_VERSION = 5.0;
				TARGETED_DEVICE_FAMILY = "1,2";
			};
			name = Debug;
		};
		9293183D254775A700E56414 /* Release */ = {
			isa = XCBuildConfiguration;
			baseConfigurationReference = 59DA3524AA139DEDAB0E280E /* Pods-Fastgi_v1.release.xcconfig */;
			buildSettings = {
				ASSETCATALOG_COMPILER_APPICON_NAME = AppIcon;
				ASSETCATALOG_COMPILER_GLOBAL_ACCENT_COLOR_NAME = AccentColor;
				CODE_SIGN_STYLE = Automatic;
				DEVELOPMENT_ASSET_PATHS = "\"Fastgi_v1/Preview Content\"";
				DEVELOPMENT_TEAM = 8434L4CAU2;
				ENABLE_PREVIEWS = YES;
				INFOPLIST_FILE = Fastgi_v1/Info.plist;
				IPHONEOS_DEPLOYMENT_TARGET = 14.0;
				LD_RUNPATH_SEARCH_PATHS = (
					"$(inherited)",
					"@executable_path/Frameworks",
				);
				PRODUCT_BUNDLE_IDENTIFIER = "com.hegaro.fastgi.Fastgi-v1";
				PRODUCT_NAME = "$(TARGET_NAME)";
				SWIFT_VERSION = 5.0;
				TARGETED_DEVICE_FAMILY = "1,2";
			};
			name = Release;
		};
		9293183F254775A700E56414 /* Debug */ = {
			isa = XCBuildConfiguration;
			baseConfigurationReference = 22F5867222BE728BF7FF339E /* Pods-Fastgi_v1Tests.debug.xcconfig */;
			buildSettings = {
				ALWAYS_EMBED_SWIFT_STANDARD_LIBRARIES = YES;
				BUNDLE_LOADER = "$(TEST_HOST)";
				CODE_SIGN_STYLE = Automatic;
				DEVELOPMENT_TEAM = 8434L4CAU2;
				INFOPLIST_FILE = Fastgi_v1Tests/Info.plist;
				IPHONEOS_DEPLOYMENT_TARGET = 14.0;
				LD_RUNPATH_SEARCH_PATHS = (
					"$(inherited)",
					"@executable_path/Frameworks",
					"@loader_path/Frameworks",
				);
				PRODUCT_BUNDLE_IDENTIFIER = "com.hegaro.fastgi.Fastgi-v1Tests";
				PRODUCT_NAME = "$(TARGET_NAME)";
				SWIFT_VERSION = 5.0;
				TARGETED_DEVICE_FAMILY = "1,2";
				TEST_HOST = "$(BUILT_PRODUCTS_DIR)/Fastgi_v1.app/Fastgi_v1";
			};
			name = Debug;
		};
		92931840254775A700E56414 /* Release */ = {
			isa = XCBuildConfiguration;
			baseConfigurationReference = 8E08134F23D4C9626D9D915D /* Pods-Fastgi_v1Tests.release.xcconfig */;
			buildSettings = {
				ALWAYS_EMBED_SWIFT_STANDARD_LIBRARIES = YES;
				BUNDLE_LOADER = "$(TEST_HOST)";
				CODE_SIGN_STYLE = Automatic;
				DEVELOPMENT_TEAM = 8434L4CAU2;
				INFOPLIST_FILE = Fastgi_v1Tests/Info.plist;
				IPHONEOS_DEPLOYMENT_TARGET = 14.0;
				LD_RUNPATH_SEARCH_PATHS = (
					"$(inherited)",
					"@executable_path/Frameworks",
					"@loader_path/Frameworks",
				);
				PRODUCT_BUNDLE_IDENTIFIER = "com.hegaro.fastgi.Fastgi-v1Tests";
				PRODUCT_NAME = "$(TARGET_NAME)";
				SWIFT_VERSION = 5.0;
				TARGETED_DEVICE_FAMILY = "1,2";
				TEST_HOST = "$(BUILT_PRODUCTS_DIR)/Fastgi_v1.app/Fastgi_v1";
			};
			name = Release;
		};
		92931842254775A700E56414 /* Debug */ = {
			isa = XCBuildConfiguration;
			baseConfigurationReference = B2C8E5DAA5B5E7485A78BCA6 /* Pods-Fastgi_v1-Fastgi_v1UITests.debug.xcconfig */;
			buildSettings = {
				ALWAYS_EMBED_SWIFT_STANDARD_LIBRARIES = YES;
				CODE_SIGN_STYLE = Automatic;
				DEVELOPMENT_TEAM = 8434L4CAU2;
				INFOPLIST_FILE = Fastgi_v1UITests/Info.plist;
				LD_RUNPATH_SEARCH_PATHS = (
					"$(inherited)",
					"@executable_path/Frameworks",
					"@loader_path/Frameworks",
				);
				PRODUCT_BUNDLE_IDENTIFIER = "com.hegaro.fastgi.Fastgi-v1UITests";
				PRODUCT_NAME = "$(TARGET_NAME)";
				SWIFT_VERSION = 5.0;
				TARGETED_DEVICE_FAMILY = "1,2";
				TEST_TARGET_NAME = Fastgi_v1;
			};
			name = Debug;
		};
		92931843254775A700E56414 /* Release */ = {
			isa = XCBuildConfiguration;
			baseConfigurationReference = 1BA9940664B2D1F7DFD56459 /* Pods-Fastgi_v1-Fastgi_v1UITests.release.xcconfig */;
			buildSettings = {
				ALWAYS_EMBED_SWIFT_STANDARD_LIBRARIES = YES;
				CODE_SIGN_STYLE = Automatic;
				DEVELOPMENT_TEAM = 8434L4CAU2;
				INFOPLIST_FILE = Fastgi_v1UITests/Info.plist;
				LD_RUNPATH_SEARCH_PATHS = (
					"$(inherited)",
					"@executable_path/Frameworks",
					"@loader_path/Frameworks",
				);
				PRODUCT_BUNDLE_IDENTIFIER = "com.hegaro.fastgi.Fastgi-v1UITests";
				PRODUCT_NAME = "$(TARGET_NAME)";
				SWIFT_VERSION = 5.0;
				TARGETED_DEVICE_FAMILY = "1,2";
				TEST_TARGET_NAME = Fastgi_v1;
			};
			name = Release;
		};
/* End XCBuildConfiguration section */

/* Begin XCConfigurationList section */
		929318112547759F00E56414 /* Build configuration list for PBXProject "Fastgi_v1" */ = {
			isa = XCConfigurationList;
			buildConfigurations = (
				92931839254775A700E56414 /* Debug */,
				9293183A254775A700E56414 /* Release */,
			);
			defaultConfigurationIsVisible = 0;
			defaultConfigurationName = Release;
		};
		9293183B254775A700E56414 /* Build configuration list for PBXNativeTarget "Fastgi_v1" */ = {
			isa = XCConfigurationList;
			buildConfigurations = (
				9293183C254775A700E56414 /* Debug */,
				9293183D254775A700E56414 /* Release */,
			);
			defaultConfigurationIsVisible = 0;
			defaultConfigurationName = Release;
		};
		9293183E254775A700E56414 /* Build configuration list for PBXNativeTarget "Fastgi_v1Tests" */ = {
			isa = XCConfigurationList;
			buildConfigurations = (
				9293183F254775A700E56414 /* Debug */,
				92931840254775A700E56414 /* Release */,
			);
			defaultConfigurationIsVisible = 0;
			defaultConfigurationName = Release;
		};
		92931841254775A700E56414 /* Build configuration list for PBXNativeTarget "Fastgi_v1UITests" */ = {
			isa = XCConfigurationList;
			buildConfigurations = (
				92931842254775A700E56414 /* Debug */,
				92931843254775A700E56414 /* Release */,
			);
			defaultConfigurationIsVisible = 0;
			defaultConfigurationName = Release;
		};
/* End XCConfigurationList section */
	};
	rootObject = 9293180E2547759F00E56414 /* Project object */;
}
